
Microsoft Visual Studio Solution File, Format Version 12.00
# Visual Studio Version 17
VisualStudioVersion = 17.0.31903.59
MinimumVisualStudioVersion = 10.0.40219.1
Project("{FAE04EC0-301F-11D3-BF4B-00C04F79EFBC}") = "ChatTool.WebApi", "ChatTool.WebApi\ChatTool.WebApi.csproj", "{76C5469E-5A0B-4A36-989F-A72CD513E164}"
EndProject
Project("{FAE04EC0-301F-11D3-BF4B-00C04F79EFBC}") = "ChatTool.Application", "ChatTool.Application\ChatTool.Application.csproj", "{3691D22E-3FC1-4C9A-8296-8D961308CCAB}"
EndProject
Project("{FAE04EC0-301F-11D3-BF4B-00C04F79EFBC}") = "ChatTool.Domain", "ChatTool.Domain\ChatTool.Domain.csproj", "{BACDD2A1-9331-424B-BA05-3DBB09719C3A}"
EndProject
Project("{FAE04EC0-301F-11D3-BF4B-00C04F79EFBC}") = "ChatTool.Infrastructure", "ChatTool.Infrastructure\ChatTool.Infrastructure.csproj", "{C974DC7B-3E60-42BF-AB76-E80AF89E5A65}"
EndProject
Project("{FAE04EC0-301F-11D3-BF4B-00C04F79EFBC}") = "ChatTool.Dependencies", "ChatTool.Dependencies\ChatTool.Dependencies.csproj", "{78F0D02C-9EC2-44DB-B5A1-C23667176ECE}"
EndProject
Project("{FAE04EC0-301F-11D3-BF4B-00C04F79EFBC}") = "ChatTool.Tests", "ChatTool.Tests\ChatTool.Tests.csproj", "{A5A8AA66-CCC9-4477-B75C-D835F2D4309E}"
EndProject
Project("{FAE04EC0-301F-11D3-BF4B-00C04F79EFBC}") = "ChatTool.Maui", "ChatTool.Maui\ChatTool.Maui.csproj", "{742A6925-B10D-49E7-B449-1B15C909BAAF}"
EndProject
Global
	GlobalSection(SolutionConfigurationPlatforms) = preSolution
		Debug|Any CPU = Debug|Any CPU
		Release|Any CPU = Release|Any CPU
	EndGlobalSection
	GlobalSection(ProjectConfigurationPlatforms) = postSolution
		{76C5469E-5A0B-4A36-989F-A72CD513E164}.Debug|Any CPU.ActiveCfg = Debug|Any CPU
		{76C5469E-5A0B-4A36-989F-A72CD513E164}.Debug|Any CPU.Build.0 = Debug|Any CPU
		{76C5469E-5A0B-4A36-989F-A72CD513E164}.Release|Any CPU.ActiveCfg = Release|Any CPU
		{76C5469E-5A0B-4A36-989F-A72CD513E164}.Release|Any CPU.Build.0 = Release|Any CPU
		{3691D22E-3FC1-4C9A-8296-8D961308CCAB}.Debug|Any CPU.ActiveCfg = Debug|Any CPU
		{3691D22E-3FC1-4C9A-8296-8D961308CCAB}.Debug|Any CPU.Build.0 = Debug|Any CPU
		{3691D22E-3FC1-4C9A-8296-8D961308CCAB}.Release|Any CPU.ActiveCfg = Release|Any CPU
		{3691D22E-3FC1-4C9A-8296-8D961308CCAB}.Release|Any CPU.Build.0 = Release|Any CPU
		{BACDD2A1-9331-424B-BA05-3DBB09719C3A}.Debug|Any CPU.ActiveCfg = Debug|Any CPU
		{BACDD2A1-9331-424B-BA05-3DBB09719C3A}.Debug|Any CPU.Build.0 = Debug|Any CPU
		{BACDD2A1-9331-424B-BA05-3DBB09719C3A}.Release|Any CPU.ActiveCfg = Release|Any CPU
		{BACDD2A1-9331-424B-BA05-3DBB09719C3A}.Release|Any CPU.Build.0 = Release|Any CPU
		{C974DC7B-3E60-42BF-AB76-E80AF89E5A65}.Debug|Any CPU.ActiveCfg = Debug|Any CPU
		{C974DC7B-3E60-42BF-AB76-E80AF89E5A65}.Debug|Any CPU.Build.0 = Debug|Any CPU
		{C974DC7B-3E60-42BF-AB76-E80AF89E5A65}.Release|Any CPU.ActiveCfg = Release|Any CPU
		{C974DC7B-3E60-42BF-AB76-E80AF89E5A65}.Release|Any CPU.Build.0 = Release|Any CPU
		{78F0D02C-9EC2-44DB-B5A1-C23667176ECE}.Debug|Any CPU.ActiveCfg = Debug|Any CPU
		{78F0D02C-9EC2-44DB-B5A1-C23667176ECE}.Debug|Any CPU.Build.0 = Debug|Any CPU
		{78F0D02C-9EC2-44DB-B5A1-C23667176ECE}.Release|Any CPU.ActiveCfg = Release|Any CPU
		{78F0D02C-9EC2-44DB-B5A1-C23667176ECE}.Release|Any CPU.Build.0 = Release|Any CPU
		{A5A8AA66-CCC9-4477-B75C-D835F2D4309E}.Debug|Any CPU.ActiveCfg = Debug|Any CPU
		{A5A8AA66-CCC9-4477-B75C-D835F2D4309E}.Debug|Any CPU.Build.0 = Debug|Any CPU
		{A5A8AA66-CCC9-4477-B75C-D835F2D4309E}.Release|Any CPU.ActiveCfg = Release|Any CPU
		{A5A8AA66-CCC9-4477-B75C-D835F2D4309E}.Release|Any CPU.Build.0 = Release|Any CPU
		{742A6925-B10D-49E7-B449-1B15C909BAAF}.Debug|Any CPU.ActiveCfg = Debug|Any CPU
		{742A6925-B10D-49E7-B449-1B15C909BAAF}.Debug|Any CPU.Build.0 = Debug|Any CPU
		{742A6925-B10D-49E7-B449-1B15C909BAAF}.Debug|Any CPU.Deploy.0 = Debug|Any CPU
		{742A6925-B10D-49E7-B449-1B15C909BAAF}.Release|Any CPU.ActiveCfg = Release|Any CPU
		{742A6925-B10D-49E7-B449-1B15C909BAAF}.Release|Any CPU.Build.0 = Release|Any CPU
	EndGlobalSection
	GlobalSection(SolutionProperties) = preSolution
		HideSolutionNode = FALSE
	EndGlobalSection
	GlobalSection(ExtensibilityGlobals) = postSolution
		SolutionGuid = {D6011263-1F5E-4BEA-B69E-0B0CE0DCDA14}
	EndGlobalSection
EndGlobal
